{
  "name": "vue",
  "version": "0.1.0",
  "lockfileVersion": 1,
  "requires": true,
  "dependencies": {
    "monocle-ts": {
      "version": "2.3.12",
      "resolved": "https://registry.npmjs.org/monocle-ts/-/monocle-ts-2.3.12.tgz",
      "integrity": "sha512-mf753m69aRNApcL2KCKfLRwfWbraeqQfRRgm3a8D+5lvkhCcMtVp8/vnM04Cmhsd6YXJeInMeQFFETrd7jWYww=="
    },
    "typescript": {
      "version": "4.1.6",
      "resolved": "https://registry.npmjs.org/typescript/-/typescript-4.1.6.tgz",
      "integrity": "sha512-pxnwLxeb/Z5SP80JDRzVjh58KsM6jZHRAOtTpS7sXLS4ogXNKC9ANxHHZqLLeVHZN35jCtI4JdmLLbLiC1kBow==",
      "dev": true
    }
  }
}
